{
  "requires": true,
  "lockfileVersion": 1,
  "dependencies": {
    "tipsi-stripe": {
      "version": "7.4.0",
      "resolved": "https://registry.npmjs.org/tipsi-stripe/-/tipsi-stripe-7.4.0.tgz",
      "integrity": "sha512-GM9K10ahkcw42awSFsF/CHJnzmqEwzpR2Rr4ejy6g4TChYp+w2q0UNmPowvK+OmdPFNFK75D1SWJHTjsouS+pg=="
    }
  }
}
